// !$*UTF8*$!
{
	archiveVersion = 1;
	classes = {
	};
	objectVersion = 50;
	objects = {

/* Begin PBXBuildFile section */
		B9AF380221BF610800C4E8DC /* AppDelegate.swift in Sources */ = {isa = PBXBuildFile; fileRef = B9AF380121BF610800C4E8DC /* AppDelegate.swift */; };
		B9AF380921BF610800C4E8DC /* Main.storyboard in Resources */ = {isa = PBXBuildFile; fileRef = B9AF380721BF610800C4E8DC /* Main.storyboard */; };
		B9AF380B21BF610800C4E8DC /* Assets.xcassets in Resources */ = {isa = PBXBuildFile; fileRef = B9AF380A21BF610800C4E8DC /* Assets.xcassets */; };
		B9AF380E21BF610800C4E8DC /* LaunchScreen.storyboard in Resources */ = {isa = PBXBuildFile; fileRef = B9AF380C21BF610800C4E8DC /* LaunchScreen.storyboard */; };
		B9AF381921BF610800C4E8DC /* MuseoTests.swift in Sources */ = {isa = PBXBuildFile; fileRef = B9AF381821BF610800C4E8DC /* MuseoTests.swift */; };
		B9AF382421BF610800C4E8DC /* MuseoUITests.swift in Sources */ = {isa = PBXBuildFile; fileRef = B9AF382321BF610800C4E8DC /* MuseoUITests.swift */; };
		B9AF386E21BF691400C4E8DC /* FeaturedViewController.swift in Sources */ = {isa = PBXBuildFile; fileRef = B9AF386D21BF691400C4E8DC /* FeaturedViewController.swift */; };
		B9AF38AD21BF69AD00C4E8DC /* DiscoverViewController.swift in Sources */ = {isa = PBXBuildFile; fileRef = B9AF38AC21BF69AD00C4E8DC /* DiscoverViewController.swift */; };
		B9AF38AF21BF69C500C4E8DC /* VisitViewController.swift in Sources */ = {isa = PBXBuildFile; fileRef = B9AF38AE21BF69C500C4E8DC /* VisitViewController.swift */; };
		B9AF38B321BF6A1200C4E8DC /* ARViewController.swift in Sources */ = {isa = PBXBuildFile; fileRef = B9AF38B221BF6A1200C4E8DC /* ARViewController.swift */; };
		B9AF38B521BF6A3E00C4E8DC /* SearchViewController.swift in Sources */ = {isa = PBXBuildFile; fileRef = B9AF38B421BF6A3E00C4E8DC /* SearchViewController.swift */; };
		B9AF38B721BF6A6500C4E8DC /* ListViewController.swift in Sources */ = {isa = PBXBuildFile; fileRef = B9AF38B621BF6A6500C4E8DC /* ListViewController.swift */; };
		B9AF38B921BF6AEC00C4E8DC /* Museum.swift in Sources */ = {isa = PBXBuildFile; fileRef = B9AF38B821BF6AEC00C4E8DC /* Museum.swift */; };
/* End PBXBuildFile section */

/* Begin PBXContainerItemProxy section */
		B9AF381521BF610800C4E8DC /* PBXContainerItemProxy */ = {
			isa = PBXContainerItemProxy;
			containerPortal = B9AF37F621BF610800C4E8DC /* Project object */;
			proxyType = 1;
			remoteGlobalIDString = B9AF37FD21BF610800C4E8DC;
			remoteInfo = Museo;
		};
		B9AF382021BF610800C4E8DC /* PBXContainerItemProxy */ = {
			isa = PBXContainerItemProxy;
			containerPortal = B9AF37F621BF610800C4E8DC /* Project object */;
			proxyType = 1;
			remoteGlobalIDString = B9AF37FD21BF610800C4E8DC;
			remoteInfo = Museo;
		};
/* End PBXContainerItemProxy section */

/* Begin PBXFileReference section */
		B9AF37FE21BF610800C4E8DC /* Museo.app */ = {isa = PBXFileReference; explicitFileType = wrapper.application; includeInIndex = 0; path = Museo.app; sourceTree = BUILT_PRODUCTS_DIR; };
		B9AF380121BF610800C4E8DC /* AppDelegate.swift */ = {isa = PBXFileReference; lastKnownFileType = sourcecode.swift; path = AppDelegate.swift; sourceTree = "<group>"; };
		B9AF380821BF610800C4E8DC /* Base */ = {isa = PBXFileReference; lastKnownFileType = file.storyboard; name = Base; path = Base.lproj/Main.storyboard; sourceTree = "<group>"; };
		B9AF380A21BF610800C4E8DC /* Assets.xcassets */ = {isa = PBXFileReference; lastKnownFileType = folder.assetcatalog; path = Assets.xcassets; sourceTree = "<group>"; };
		B9AF380D21BF610800C4E8DC /* Base */ = {isa = PBXFileReference; lastKnownFileType = file.storyboard; name = Base; path = Base.lproj/LaunchScreen.storyboard; sourceTree = "<group>"; };
		B9AF380F21BF610800C4E8DC /* Info.plist */ = {isa = PBXFileReference; lastKnownFileType = text.plist.xml; path = Info.plist; sourceTree = "<group>"; };
		B9AF381421BF610800C4E8DC /* MuseoTests.xctest */ = {isa = PBXFileReference; explicitFileType = wrapper.cfbundle; includeInIndex = 0; path = MuseoTests.xctest; sourceTree = BUILT_PRODUCTS_DIR; };
		B9AF381821BF610800C4E8DC /* MuseoTests.swift */ = {isa = PBXFileReference; lastKnownFileType = sourcecode.swift; path = MuseoTests.swift; sourceTree = "<group>"; };
		B9AF381A21BF610800C4E8DC /* Info.plist */ = {isa = PBXFileReference; lastKnownFileType = text.plist.xml; path = Info.plist; sourceTree = "<group>"; };
		B9AF381F21BF610800C4E8DC /* MuseoUITests.xctest */ = {isa = PBXFileReference; explicitFileType = wrapper.cfbundle; includeInIndex = 0; path = MuseoUITests.xctest; sourceTree = BUILT_PRODUCTS_DIR; };
		B9AF382321BF610800C4E8DC /* MuseoUITests.swift */ = {isa = PBXFileReference; lastKnownFileType = sourcecode.swift; path = MuseoUITests.swift; sourceTree = "<group>"; };
		B9AF382521BF610800C4E8DC /* Info.plist */ = {isa = PBXFileReference; lastKnownFileType = text.plist.xml; path = Info.plist; sourceTree = "<group>"; };
		B9AF386D21BF691400C4E8DC /* FeaturedViewController.swift */ = {isa = PBXFileReference; lastKnownFileType = sourcecode.swift; path = FeaturedViewController.swift; sourceTree = "<group>"; };
		B9AF38AC21BF69AD00C4E8DC /* DiscoverViewController.swift */ = {isa = PBXFileReference; lastKnownFileType = sourcecode.swift; path = DiscoverViewController.swift; sourceTree = "<group>"; };
		B9AF38AE21BF69C500C4E8DC /* VisitViewController.swift */ = {isa = PBXFileReference; lastKnownFileType = sourcecode.swift; path = VisitViewController.swift; sourceTree = "<group>"; };
		B9AF38B221BF6A1200C4E8DC /* ARViewController.swift */ = {isa = PBXFileReference; lastKnownFileType = sourcecode.swift; path = ARViewController.swift; sourceTree = "<group>"; };
		B9AF38B421BF6A3E00C4E8DC /* SearchViewController.swift */ = {isa = PBXFileReference; lastKnownFileType = sourcecode.swift; path = SearchViewController.swift; sourceTree = "<group>"; };
		B9AF38B621BF6A6500C4E8DC /* ListViewController.swift */ = {isa = PBXFileReference; lastKnownFileType = sourcecode.swift; path = ListViewController.swift; sourceTree = "<group>"; };
		B9AF38B821BF6AEC00C4E8DC /* Museum.swift */ = {isa = PBXFileReference; lastKnownFileType = sourcecode.swift; path = Museum.swift; sourceTree = "<group>"; };
/* End PBXFileReference section */

/* Begin PBXFrameworksBuildPhase section */
		B9AF37FB21BF610800C4E8DC /* Frameworks */ = {
			isa = PBXFrameworksBuildPhase;
			buildActionMask = 2147483647;
			files = (
			);
			runOnlyForDeploymentPostprocessing = 0;
		};
		B9AF381121BF610800C4E8DC /* Frameworks */ = {
			isa = PBXFrameworksBuildPhase;
			buildActionMask = 2147483647;
			files = (
			);
			runOnlyForDeploymentPostprocessing = 0;
		};
		B9AF381C21BF610800C4E8DC /* Frameworks */ = {
			isa = PBXFrameworksBuildPhase;
			buildActionMask = 2147483647;
			files = (
			);
			runOnlyForDeploymentPostprocessing = 0;
		};
/* End PBXFrameworksBuildPhase section */

/* Begin PBXGroup section */
		B9AF37F521BF610800C4E8DC = {
			isa = PBXGroup;
			children = (
				B9AF380021BF610800C4E8DC /* Museo */,
				B9AF381721BF610800C4E8DC /* MuseoTests */,
				B9AF382221BF610800C4E8DC /* MuseoUITests */,
				B9AF37FF21BF610800C4E8DC /* Products */,
			);
			sourceTree = "<group>";
		};
		B9AF37FF21BF610800C4E8DC /* Products */ = {
			isa = PBXGroup;
			children = (
				B9AF37FE21BF610800C4E8DC /* Museo.app */,
				B9AF381421BF610800C4E8DC /* MuseoTests.xctest */,
				B9AF381F21BF610800C4E8DC /* MuseoUITests.xctest */,
			);
			name = Products;
			sourceTree = "<group>";
		};
		B9AF380021BF610800C4E8DC /* Museo */ = {
			isa = PBXGroup;
			children = (
				B9AF38A921BF698100C4E8DC /* Model */,
				B9AF38AA21BF698800C4E8DC /* View */,
				B9AF38AB21BF699200C4E8DC /* Controller */,
			);
			path = Museo;
			sourceTree = "<group>";
		};
		B9AF381721BF610800C4E8DC /* MuseoTests */ = {
			isa = PBXGroup;
			children = (
				B9AF381821BF610800C4E8DC /* MuseoTests.swift */,
				B9AF381A21BF610800C4E8DC /* Info.plist */,
			);
			path = MuseoTests;
			sourceTree = "<group>";
		};
		B9AF382221BF610800C4E8DC /* MuseoUITests */ = {
			isa = PBXGroup;
			children = (
				B9AF382321BF610800C4E8DC /* MuseoUITests.swift */,
				B9AF382521BF610800C4E8DC /* Info.plist */,
			);
			path = MuseoUITests;
			sourceTree = "<group>";
		};
		B9AF38A921BF698100C4E8DC /* Model */ = {
			isa = PBXGroup;
			children = (
				B9AF38B821BF6AEC00C4E8DC /* Museum.swift */,
			);
			path = Model;
			sourceTree = "<group>";
		};
		B9AF38AA21BF698800C4E8DC /* View */ = {
			isa = PBXGroup;
			children = (
				B9AF386D21BF691400C4E8DC /* FeaturedViewController.swift */,
				B9AF38AC21BF69AD00C4E8DC /* DiscoverViewController.swift */,
				B9AF38AE21BF69C500C4E8DC /* VisitViewController.swift */,
				B9AF38B621BF6A6500C4E8DC /* ListViewController.swift */,
				B9AF38B221BF6A1200C4E8DC /* ARViewController.swift */,
				B9AF38B421BF6A3E00C4E8DC /* SearchViewController.swift */,
			);
			path = View;
			sourceTree = "<group>";
		};
		B9AF38AB21BF699200C4E8DC /* Controller */ = {
			isa = PBXGroup;
			children = (
				B9AF380C21BF610800C4E8DC /* LaunchScreen.storyboard */,
				B9AF380721BF610800C4E8DC /* Main.storyboard */,
				B9AF380121BF610800C4E8DC /* AppDelegate.swift */,
				B9AF380A21BF610800C4E8DC /* Assets.xcassets */,
				B9AF380F21BF610800C4E8DC /* Info.plist */,
			);
			path = Controller;
			sourceTree = "<group>";
		};
/* End PBXGroup section */

/* Begin PBXNativeTarget section */
		B9AF37FD21BF610800C4E8DC /* Museo */ = {
			isa = PBXNativeTarget;
			buildConfigurationList = B9AF382821BF610800C4E8DC /* Build configuration list for PBXNativeTarget "Museo" */;
			buildPhases = (
				B9AF37FA21BF610800C4E8DC /* Sources */,
				B9AF37FB21BF610800C4E8DC /* Frameworks */,
				B9AF37FC21BF610800C4E8DC /* Resources */,
			);
			buildRules = (
			);
			dependencies = (
			);
			name = Museo;
			productName = Museo;
			productReference = B9AF37FE21BF610800C4E8DC /* Museo.app */;
			productType = "com.apple.product-type.application";
		};
		B9AF381321BF610800C4E8DC /* MuseoTests */ = {
			isa = PBXNativeTarget;
			buildConfigurationList = B9AF382B21BF610800C4E8DC /* Build configuration list for PBXNativeTarget "MuseoTests" */;
			buildPhases = (
				B9AF381021BF610800C4E8DC /* Sources */,
				B9AF381121BF610800C4E8DC /* Frameworks */,
				B9AF381221BF610800C4E8DC /* Resources */,
			);
			buildRules = (
			);
			dependencies = (
				B9AF381621BF610800C4E8DC /* PBXTargetDependency */,
			);
			name = MuseoTests;
			productName = MuseoTests;
			productReference = B9AF381421BF610800C4E8DC /* MuseoTests.xctest */;
			productType = "com.apple.product-type.bundle.unit-test";
		};
		B9AF381E21BF610800C4E8DC /* MuseoUITests */ = {
			isa = PBXNativeTarget;
			buildConfigurationList = B9AF382E21BF610800C4E8DC /* Build configuration list for PBXNativeTarget "MuseoUITests" */;
			buildPhases = (
				B9AF381B21BF610800C4E8DC /* Sources */,
				B9AF381C21BF610800C4E8DC /* Frameworks */,
				B9AF381D21BF610800C4E8DC /* Resources */,
			);
			buildRules = (
			);
			dependencies = (
				B9AF382121BF610800C4E8DC /* PBXTargetDependency */,
			);
			name = MuseoUITests;
			productName = MuseoUITests;
			productReference = B9AF381F21BF610800C4E8DC /* MuseoUITests.xctest */;
			productType = "com.apple.product-type.bundle.ui-testing";
		};
/* End PBXNativeTarget section */

/* Begin PBXProject section */
		B9AF37F621BF610800C4E8DC /* Project object */ = {
			isa = PBXProject;
			attributes = {
				LastSwiftUpdateCheck = 1010;
				LastUpgradeCheck = 1010;
				ORGANIZATIONNAME = "Miguel Garcia Gonzalez";
				TargetAttributes = {
					B9AF37FD21BF610800C4E8DC = {
						CreatedOnToolsVersion = 10.1;
					};
					B9AF381321BF610800C4E8DC = {
						CreatedOnToolsVersion = 10.1;
						TestTargetID = B9AF37FD21BF610800C4E8DC;
					};
					B9AF381E21BF610800C4E8DC = {
						CreatedOnToolsVersion = 10.1;
						TestTargetID = B9AF37FD21BF610800C4E8DC;
					};
				};
			};
			buildConfigurationList = B9AF37F921BF610800C4E8DC /* Build configuration list for PBXProject "Museo" */;
			compatibilityVersion = "Xcode 9.3";
			developmentRegion = en;
			hasScannedForEncodings = 0;
			knownRegions = (
				en,
				Base,
			);
			mainGroup = B9AF37F521BF610800C4E8DC;
			productRefGroup = B9AF37FF21BF610800C4E8DC /* Products */;
			projectDirPath = "";
			projectRoot = "";
			targets = (
				B9AF37FD21BF610800C4E8DC /* Museo */,
				B9AF381321BF610800C4E8DC /* MuseoTests */,
				B9AF381E21BF610800C4E8DC /* MuseoUITests */,
			);
		};
/* End PBXProject section */

/* Begin PBXResourcesBuildPhase section */
		B9AF37FC21BF610800C4E8DC /* Resources */ = {
			isa = PBXResourcesBuildPhase;
			buildActionMask = 2147483647;
			files = (
				B9AF380E21BF610800C4E8DC /* LaunchScreen.storyboard in Resources */,
				B9AF380B21BF610800C4E8DC /* Assets.xcassets in Resources */,
				B9AF380921BF610800C4E8DC /* Main.storyboard in Resources */,
			);
			runOnlyForDeploymentPostprocessing = 0;
		};
		B9AF381221BF610800C4E8DC /* Resources */ = {
			isa = PBXResourcesBuildPhase;
			buildActionMask = 2147483647;
			files = (
			);
			runOnlyForDeploymentPostprocessing = 0;
		};
		B9AF381D21BF610800C4E8DC /* Resources */ = {
			isa = PBXResourcesBuildPhase;
			buildActionMask = 2147483647;
			files = (
			);
			runOnlyForDeploymentPostprocessing = 0;
		};
/* End PBXResourcesBuildPhase section */

/* Begin PBXSourcesBuildPhase section */
		B9AF37FA21BF610800C4E8DC /* Sources */ = {
			isa = PBXSourcesBuildPhase;
			buildActionMask = 2147483647;
			files = (
				B9AF38AD21BF69AD00C4E8DC /* DiscoverViewController.swift in Sources */,
				B9AF38B521BF6A3E00C4E8DC /* SearchViewController.swift in Sources */,
				B9AF386E21BF691400C4E8DC /* FeaturedViewController.swift in Sources */,
				B9AF38B921BF6AEC00C4E8DC /* Museum.swift in Sources */,
				B9AF38B321BF6A1200C4E8DC /* ARViewController.swift in Sources */,
				B9AF38AF21BF69C500C4E8DC /* VisitViewController.swift in Sources */,
				B9AF380221BF610800C4E8DC /* AppDelegate.swift in Sources */,
				B9AF38B721BF6A6500C4E8DC /* ListViewController.swift in Sources */,
			);
			runOnlyForDeploymentPostprocessing = 0;
		};
		B9AF381021BF610800C4E8DC /* Sources */ = {
			isa = PBXSourcesBuildPhase;
			buildActionMask = 2147483647;
			files = (
				B9AF381921BF610800C4E8DC /* MuseoTests.swift in Sources */,
			);
			runOnlyForDeploymentPostprocessing = 0;
		};
		B9AF381B21BF610800C4E8DC /* Sources */ = {
			isa = PBXSourcesBuildPhase;
			buildActionMask = 2147483647;
			files = (
				B9AF382421BF610800C4E8DC /* MuseoUITests.swift in Sources */,
			);
			runOnlyForDeploymentPostprocessing = 0;
		};
/* End PBXSourcesBuildPhase section */

/* Begin PBXTargetDependency section */
		B9AF381621BF610800C4E8DC /* PBXTargetDependency */ = {
			isa = PBXTargetDependency;
			target = B9AF37FD21BF610800C4E8DC /* Museo */;
			targetProxy = B9AF381521BF610800C4E8DC /* PBXContainerItemProxy */;
		};
		B9AF382121BF610800C4E8DC /* PBXTargetDependency */ = {
			isa = PBXTargetDependency;
			target = B9AF37FD21BF610800C4E8DC /* Museo */;
			targetProxy = B9AF382021BF610800C4E8DC /* PBXContainerItemProxy */;
		};
/* End PBXTargetDependency section */

/* Begin PBXVariantGroup section */
		B9AF380721BF610800C4E8DC /* Main.storyboard */ = {
			isa = PBXVariantGroup;
			children = (
				B9AF380821BF610800C4E8DC /* Base */,
			);
			name = Main.storyboard;
			sourceTree = "<group>";
		};
		B9AF380C21BF610800C4E8DC /* LaunchScreen.storyboard */ = {
			isa = PBXVariantGroup;
			children = (
				B9AF380D21BF610800C4E8DC /* Base */,
			);
			name = LaunchScreen.storyboard;
			sourceTree = "<group>";
		};
/* End PBXVariantGroup section */

/* Begin XCBuildConfiguration section */
		B9AF382621BF610800C4E8DC /* Debug */ = {
			isa = XCBuildConfiguration;
			buildSettings = {
				ALWAYS_SEARCH_USER_PATHS = NO;
				CLANG_ANALYZER_NONNULL = YES;
				CLANG_ANALYZER_NUMBER_OBJECT_CONVERSION = YES_AGGRESSIVE;
				CLANG_CXX_LANGUAGE_STANDARD = "gnu++14";
				CLANG_CXX_LIBRARY = "libc++";
				CLANG_ENABLE_MODULES = YES;
				CLANG_ENABLE_OBJC_ARC = YES;
				CLANG_ENABLE_OBJC_WEAK = YES;
				CLANG_WARN_BLOCK_CAPTURE_AUTORELEASING = YES;
				CLANG_WARN_BOOL_CONVERSION = YES;
				CLANG_WARN_COMMA = YES;
				CLANG_WARN_CONSTANT_CONVERSION = YES;
				CLANG_WARN_DEPRECATED_OBJC_IMPLEMENTATIONS = YES;
				CLANG_WARN_DIRECT_OBJC_ISA_USAGE = YES_ERROR;
				CLANG_WARN_DOCUMENTATION_COMMENTS = YES;
				CLANG_WARN_EMPTY_BODY = YES;
				CLANG_WARN_ENUM_CONVERSION = YES;
				CLANG_WARN_INFINITE_RECURSION = YES;
				CLANG_WARN_INT_CONVERSION = YES;
				CLANG_WARN_NON_LITERAL_NULL_CONVERSION = YES;
				CLANG_WARN_OBJC_IMPLICIT_RETAIN_SELF = YES;
				CLANG_WARN_OBJC_LITERAL_CONVERSION = YES;
				CLANG_WARN_OBJC_ROOT_CLASS = YES_ERROR;
				CLANG_WARN_RANGE_LOOP_ANALYSIS = YES;
				CLANG_WARN_STRICT_PROTOTYPES = YES;
				CLANG_WARN_SUSPICIOUS_MOVE = YES;
				CLANG_WARN_UNGUARDED_AVAILABILITY = YES_AGGRESSIVE;
				CLANG_WARN_UNREACHABLE_CODE = YES;
				CLANG_WARN__DUPLICATE_METHOD_MATCH = YES;
				CODE_SIGN_IDENTITY = "iPhone Developer";
				COPY_PHASE_STRIP = NO;
				DEBUG_INFORMATION_FORMAT = dwarf;
				ENABLE_STRICT_OBJC_MSGSEND = YES;
				ENABLE_TESTABILITY = YES;
				GCC_C_LANGUAGE_STANDARD = gnu11;
				GCC_DYNAMIC_NO_PIC = NO;
				GCC_NO_COMMON_BLOCKS = YES;
				GCC_OPTIMIZATION_LEVEL = 0;
				GCC_PREPROCESSOR_DEFINITIONS = (
					"DEBUG=1",
					"$(inherited)",
				);
				GCC_WARN_64_TO_32_BIT_CONVERSION = YES;
				GCC_WARN_ABOUT_RETURN_TYPE = YES_ERROR;
				GCC_WARN_UNDECLARED_SELECTOR = YES;
				GCC_WARN_UNINITIALIZED_AUTOS = YES_AGGRESSIVE;
				GCC_WARN_UNUSED_FUNCTION = YES;
				GCC_WARN_UNUSED_VARIABLE = YES;
				IPHONEOS_DEPLOYMENT_TARGET = 12.1;
				MTL_ENABLE_DEBUG_INFO = INCLUDE_SOURCE;
				MTL_FAST_MATH = YES;
				ONLY_ACTIVE_ARCH = YES;
				SDKROOT = iphoneos;
				SWIFT_ACTIVE_COMPILATION_CONDITIONS = DEBUG;
				SWIFT_OPTIMIZATION_LEVEL = "-Onone";
			};
			name = Debug;
		};
		B9AF382721BF610800C4E8DC /* Release */ = {
			isa = XCBuildConfiguration;
			buildSettings = {
				ALWAYS_SEARCH_USER_PATHS = NO;
				CLANG_ANALYZER_NONNULL = YES;
				CLANG_ANALYZER_NUMBER_OBJECT_CONVERSION = YES_AGGRESSIVE;
				CLANG_CXX_LANGUAGE_STANDARD = "gnu++14";
				CLANG_CXX_LIBRARY = "libc++";
				CLANG_ENABLE_MODULES = YES;
				CLANG_ENABLE_OBJC_ARC = YES;
				CLANG_ENABLE_OBJC_WEAK = YES;
				CLANG_WARN_BLOCK_CAPTURE_AUTORELEASING = YES;
				CLANG_WARN_BOOL_CONVERSION = YES;
				CLANG_WARN_COMMA = YES;
				CLANG_WARN_CONSTANT_CONVERSION = YES;
				CLANG_WARN_DEPRECATED_OBJC_IMPLEMENTATIONS = YES;
				CLANG_WARN_DIRECT_OBJC_ISA_USAGE = YES_ERROR;
				CLANG_WARN_DOCUMENTATION_COMMENTS = YES;
				CLANG_WARN_EMPTY_BODY = YES;
				CLANG_WARN_ENUM_CONVERSION = YES;
				CLANG_WARN_INFINITE_RECURSION = YES;
				CLANG_WARN_INT_CONVERSION = YES;
				CLANG_WARN_NON_LITERAL_NULL_CONVERSION = YES;
				CLANG_WARN_OBJC_IMPLICIT_RETAIN_SELF = YES;
				CLANG_WARN_OBJC_LITERAL_CONVERSION = YES;
				CLANG_WARN_OBJC_ROOT_CLASS = YES_ERROR;
				CLANG_WARN_RANGE_LOOP_ANALYSIS = YES;
				CLANG_WARN_STRICT_PROTOTYPES = YES;
				CLANG_WARN_SUSPICIOUS_MOVE = YES;
				CLANG_WARN_UNGUARDED_AVAILABILITY = YES_AGGRESSIVE;
				CLANG_WARN_UNREACHABLE_CODE = YES;
				CLANG_WARN__DUPLICATE_METHOD_MATCH = YES;
				CODE_SIGN_IDENTITY = "iPhone Developer";
				COPY_PHASE_STRIP = NO;
				DEBUG_INFORMATION_FORMAT = "dwarf-with-dsym";
				ENABLE_NS_ASSERTIONS = NO;
				ENABLE_STRICT_OBJC_MSGSEND = YES;
				GCC_C_LANGUAGE_STANDARD = gnu11;
				GCC_NO_COMMON_BLOCKS = YES;
				GCC_WARN_64_TO_32_BIT_CONVERSION = YES;
				GCC_WARN_ABOUT_RETURN_TYPE = YES_ERROR;
				GCC_WARN_UNDECLARED_SELECTOR = YES;
				GCC_WARN_UNINITIALIZED_AUTOS = YES_AGGRESSIVE;
				GCC_WARN_UNUSED_FUNCTION = YES;
				GCC_WARN_UNUSED_VARIABLE = YES;
				IPHONEOS_DEPLOYMENT_TARGET = 12.1;
				MTL_ENABLE_DEBUG_INFO = NO;
				MTL_FAST_MATH = YES;
				SDKROOT = iphoneos;
				SWIFT_COMPILATION_MODE = wholemodule;
				SWIFT_OPTIMIZATION_LEVEL = "-O";
				VALIDATE_PRODUCT = YES;
			};
			name = Release;
		};
		B9AF382921BF610800C4E8DC /* Debug */ = {
			isa = XCBuildConfiguration;
			buildSettings = {
				ASSETCATALOG_COMPILER_APPICON_NAME = AppIcon;
				CODE_SIGN_STYLE = Automatic;
				DEVELOPMENT_TEAM = 79K6CBNA77;
				INFOPLIST_FILE = Museo/Info.plist;
				LD_RUNPATH_SEARCH_PATHS = (
					"$(inherited)",
					"@executable_path/Frameworks",
				);
				PRODUCT_BUNDLE_IDENTIFIER = Museo.Museo;
				PRODUCT_NAME = "$(TARGET_NAME)";
				SWIFT_VERSION = 4.2;
				TARGETED_DEVICE_FAMILY = "1,2";
			};
			name = Debug;
		};
		B9AF382A21BF610800C4E8DC /* Release */ = {
			isa = XCBuildConfiguration;
			buildSettings = {
				ASSETCATALOG_COMPILER_APPICON_NAME = AppIcon;
				CODE_SIGN_STYLE = Automatic;
				DEVELOPMENT_TEAM = 79K6CBNA77;
				INFOPLIST_FILE = Museo/Info.plist;
				LD_RUNPATH_SEARCH_PATHS = (
					"$(inherited)",
					"@executable_path/Frameworks",
				);
				PRODUCT_BUNDLE_IDENTIFIER = Museo.Museo;
				PRODUCT_NAME = "$(TARGET_NAME)";
				SWIFT_VERSION = 4.2;
				TARGETED_DEVICE_FAMILY = "1,2";
			};
			name = Release;
		};
		B9AF382C21BF610800C4E8DC /* Debug */ = {
			isa = XCBuildConfiguration;
			buildSettings = {
				ALWAYS_EMBED_SWIFT_STANDARD_LIBRARIES = YES;
				BUNDLE_LOADER = "$(TEST_HOST)";
				CODE_SIGN_STYLE = Automatic;
				DEVELOPMENT_TEAM = 79K6CBNA77;
				INFOPLIST_FILE = MuseoTests/Info.plist;
				LD_RUNPATH_SEARCH_PATHS = (
					"$(inherited)",
					"@executable_path/Frameworks",
					"@loader_path/Frameworks",
				);
				PRODUCT_BUNDLE_IDENTIFIER = Museo.MuseoTests;
				PRODUCT_NAME = "$(TARGET_NAME)";
				SWIFT_VERSION = 4.2;
				TARGETED_DEVICE_FAMILY = "1,2";
				TEST_HOST = "$(BUILT_PRODUCTS_DIR)/Museo.app/Museo";
			};
			name = Debug;
		};
		B9AF382D21BF610800C4E8DC /* Release */ = {
			isa = XCBuildConfiguration;
			buildSettings = {
				ALWAYS_EMBED_SWIFT_STANDARD_LIBRARIES = YES;
				BUNDLE_LOADER = "$(TEST_HOST)";
				CODE_SIGN_STYLE = Automatic;
				DEVELOPMENT_TEAM = 79K6CBNA77;
				INFOPLIST_FILE = MuseoTests/Info.plist;
				LD_RUNPATH_SEARCH_PATHS = (
					"$(inherited)",
					"@executable_path/Frameworks",
					"@loader_path/Frameworks",
				);
				PRODUCT_BUNDLE_IDENTIFIER = Museo.MuseoTests;
				PRODUCT_NAME = "$(TARGET_NAME)";
				SWIFT_VERSION = 4.2;
				TARGETED_DEVICE_FAMILY = "1,2";
				TEST_HOST = "$(BUILT_PRODUCTS_DIR)/Museo.app/Museo";
			};
			name = Release;
		};
		B9AF382F21BF610800C4E8DC /* Debug */ = {
			isa = XCBuildConfiguration;
			buildSettings = {
				ALWAYS_EMBED_SWIFT_STANDARD_LIBRARIES = YES;
				CODE_SIGN_STYLE = Automatic;
				DEVELOPMENT_TEAM = 79K6CBNA77;
				INFOPLIST_FILE = MuseoUITests/Info.plist;
				LD_RUNPATH_SEARCH_PATHS = (
					"$(inherited)",
					"@executable_path/Frameworks",
					"@loader_path/Frameworks",
				);
				PRODUCT_BUNDLE_IDENTIFIER = Museo.MuseoUITests;
				PRODUCT_NAME = "$(TARGET_NAME)";
				SWIFT_VERSION = 4.2;
				TARGETED_DEVICE_FAMILY = "1,2";
				TEST_TARGET_NAME = Museo;
			};
			name = Debug;
		};
		B9AF383021BF610800C4E8DC /* Release */ = {
			isa = XCBuildConfiguration;
			buildSettings = {
				ALWAYS_EMBED_SWIFT_STANDARD_LIBRARIES = YES;
				CODE_SIGN_STYLE = Automatic;
				DEVELOPMENT_TEAM = 79K6CBNA77;
				INFOPLIST_FILE = MuseoUITests/Info.plist;
				LD_RUNPATH_SEARCH_PATHS = (
					"$(inherited)",
					"@executable_path/Frameworks",
					"@loader_path/Frameworks",
				);
				PRODUCT_BUNDLE_IDENTIFIER = Museo.MuseoUITests;
				PRODUCT_NAME = "$(TARGET_NAME)";
				SWIFT_VERSION = 4.2;
				TARGETED_DEVICE_FAMILY = "1,2";
				TEST_TARGET_NAME = Museo;
			};
			name = Release;
		};
/* End XCBuildConfiguration section */

/* Begin XCConfigurationList section */
		B9AF37F921BF610800C4E8DC /* Build configuration list for PBXProject "Museo" */ = {
			isa = XCConfigurationList;
			buildConfigurations = (
				B9AF382621BF610800C4E8DC /* Debug */,
				B9AF382721BF610800C4E8DC /* Release */,
			);
			defaultConfigurationIsVisible = 0;
			defaultConfigurationName = Release;
		};
		B9AF382821BF610800C4E8DC /* Build configuration list for PBXNativeTarget "Museo" */ = {
			isa = XCConfigurationList;
			buildConfigurations = (
				B9AF382921BF610800C4E8DC /* Debug */,
				B9AF382A21BF610800C4E8DC /* Release */,
			);
			defaultConfigurationIsVisible = 0;
			defaultConfigurationName = Release;
		};
		B9AF382B21BF610800C4E8DC /* Build configuration list for PBXNativeTarget "MuseoTests" */ = {
			isa = XCConfigurationList;
			buildConfigurations = (
				B9AF382C21BF610800C4E8DC /* Debug */,
				B9AF382D21BF610800C4E8DC /* Release */,
			);
			defaultConfigurationIsVisible = 0;
			defaultConfigurationName = Release;
		};
		B9AF382E21BF610800C4E8DC /* Build configuration list for PBXNativeTarget "MuseoUITests" */ = {
			isa = XCConfigurationList;
			buildConfigurations = (
				B9AF382F21BF610800C4E8DC /* Debug */,
				B9AF383021BF610800C4E8DC /* Release */,
			);
			defaultConfigurationIsVisible = 0;
			defaultConfigurationName = Release;
		};
/* End XCConfigurationList section */
	};
	rootObject = B9AF37F621BF610800C4E8DC /* Project object */;
}
